
Microsoft Visual Studio Solution File, Format Version 12.00
# Visual Studio Version 16
VisualStudioVersion = 16.0.34601.136
MinimumVisualStudioVersion = 10.0.40219.1
Project("{FAE04EC0-301F-11D3-BF4B-00C04F79EFBC}") = "DiseaseSimulation", "DiseaseSimulation.csproj", "{BB0C5501-37C0-4BDB-AE82-B118790C32D8}"
EndProject
Global
	GlobalSection(SolutionConfigurationPlatforms) = preSolution
		Debug|Any CPU = Debug|Any CPU
		Release|Any CPU = Release|Any CPU
	EndGlobalSection
	GlobalSection(ProjectConfigurationPlatforms) = postSolution
		{BB0C5501-37C0-4BDB-AE82-B118790C32D8}.Debug|Any CPU.ActiveCfg = Debug|Any CPU
		{BB0C5501-37C0-4BDB-AE82-B118790C32D8}.Debug|Any CPU.Build.0 = Debug|Any CPU
		{BB0C5501-37C0-4BDB-AE82-B118790C32D8}.Release|Any CPU.ActiveCfg = Release|Any CPU
		{BB0C5501-37C0-4BDB-AE82-B118790C32D8}.Release|Any CPU.Build.0 = Release|Any CPU
	EndGlobalSection
	GlobalSection(SolutionProperties) = preSolution
		HideSolutionNode = FALSE
	EndGlobalSection
	GlobalSection(ExtensibilityGlobals) = postSolution
		SolutionGuid = {14337E4E-64D8-4761-A7B3-1340BC691870}
	EndGlobalSection
EndGlobal
